
Microsoft Visual Studio Solution File, Format Version 12.00
# Visual Studio Version 17
VisualStudioVersion = 17.10.35027.167
MinimumVisualStudioVersion = 10.0.40219.1
Project("{FAE04EC0-301F-11D3-BF4B-00C04F79EFBC}") = "ERP-System", "ERP-System.csproj", "{C9D8F575-302D-49C8-931A-8524E0C5F0F0}"
EndProject
Global
	GlobalSection(SolutionConfigurationPlatforms) = preSolution
		Debug|Any CPU = Debug|Any CPU
		Release|Any CPU = Release|Any CPU
	EndGlobalSection
	GlobalSection(ProjectConfigurationPlatforms) = postSolution
		{C9D8F575-302D-49C8-931A-8524E0C5F0F0}.Debug|Any CPU.ActiveCfg = Debug|Any CPU
		{C9D8F575-302D-49C8-931A-8524E0C5F0F0}.Debug|Any CPU.Build.0 = Debug|Any CPU
		{C9D8F575-302D-49C8-931A-8524E0C5F0F0}.Release|Any CPU.ActiveCfg = Release|Any CPU
		{C9D8F575-302D-49C8-931A-8524E0C5F0F0}.Release|Any CPU.Build.0 = Release|Any CPU
	EndGlobalSection
	GlobalSection(SolutionProperties) = preSolution
		HideSolutionNode = FALSE
	EndGlobalSection
	GlobalSection(ExtensibilityGlobals) = postSolution
		SolutionGuid = {4F086793-3002-4B29-87E9-AEFCBD3E8964}
	EndGlobalSection
EndGlobal
